Microsoft Visual Studio Solution File, Format Version 12.00
# Visual Studio Version 17
VisualStudioVersion = 17.10.35201.131
MinimumVisualStudioVersion = 10.0.40219.1
Project("{2150E333-8FDC-42A3-9474-1A3956D46DE8}") = "src", "src", "{85990620-78A6-4381-8BD6-84E6D0CF0649}"
EndProject
Project("{2150E333-8FDC-42A3-9474-1A3956D46DE8}") = "test", "test", "{AA4B8CC2-1431-4FC7-9DF3-533EC6C86D3A}"
EndProject
Project("{FAE04EC0-301F-11D3-BF4B-00C04F79EFBC}") = "Docker.DotNet.BasicAuth", "src\Docker.DotNet.BasicAuth\Docker.DotNet.BasicAuth.csproj", "{E1F24B25-E027-45E0-A6E1-E08138F1F95D}"
EndProject
Project("{FAE04EC0-301F-11D3-BF4B-00C04F79EFBC}") = "Docker.DotNet.Handler.Abstractions", "src\Docker.DotNet.Handler.Abstractions\Docker.DotNet.Handler.Abstractions.csproj", "{22C42314-615F-4B11-B111-58F1D6D54F4D}"
EndProject
Project("{FAE04EC0-301F-11D3-BF4B-00C04F79EFBC}") = "Docker.DotNet.LegacyHttp", "src\Docker.DotNet.LegacyHttp\Docker.DotNet.LegacyHttp.csproj", "{D4E5F6A7-B8C9-40D1-2E3F-4567890123DE}"
EndProject
Project("{FAE04EC0-301F-11D3-BF4B-00C04F79EFBC}") = "Docker.DotNet.NativeHttp", "src\Docker.DotNet.NativeHttp\Docker.DotNet.NativeHttp.csproj", "{E5F6A7B8-C9D0-41E2-3F45-5678901234EF}"
EndProject
Project("{FAE04EC0-301F-11D3-BF4B-00C04F79EFBC}") = "Docker.DotNet.NPipe", "src\Docker.DotNet.NPipe\Docker.DotNet.NPipe.csproj", "{A1B2C3D4-E5F6-47A8-9B0C-1234567890AB}"
EndProject
Project("{FAE04EC0-301F-11D3-BF4B-00C04F79EFBC}") = "Docker.DotNet.Unix", "src\Docker.DotNet.Unix\Docker.DotNet.Unix.csproj", "{B2C3D4E5-F6A7-48B9-0C1D-2345678901BC}"
EndProject
Project("{FAE04EC0-301F-11D3-BF4B-00C04F79EFBC}") = "Docker.DotNet.X509", "src\Docker.DotNet.X509\Docker.DotNet.X509.csproj", "{89BD76AD-78C9-4E4A-96A2-E5DA6D4AFA44}"
EndProject
Project("{FAE04EC0-301F-11D3-BF4B-00C04F79EFBC}") = "Docker.DotNet", "src\Docker.DotNet\Docker.DotNet.csproj", "{C2EA98A7-FC7A-4EA6-A316-562A832D3D9A}"
EndProject
Project("{FAE04EC0-301F-11D3-BF4B-00C04F79EFBC}") = "Microsoft.Net.Http.Client", "src\Microsoft.Net.Http.Client\Microsoft.Net.Http.Client.csproj", "{C27B0888-D7B2-4E93-B736-5BEE68F94532}"
EndProject
Project("{FAE04EC0-301F-11D3-BF4B-00C04F79EFBC}") = "Docker.DotNet.Tests", "test\Docker.DotNet.Tests\Docker.DotNet.Tests.csproj", "{248C5D51-2B33-4A06-A0EA-AA709F752E52}"
EndProject
Project("{FAE04EC0-301F-11D3-BF4B-00C04F79EFBC}") = "Docker.DotNet.TestsV2", "test\Docker.DotNet.TestsV2\Docker.DotNet.TestsV2.csproj", "{1B1C2A9E-77F2-46CC-BB69-5DF5CEC919B6}"
EndProject
Global
	GlobalSection(SolutionConfigurationPlatforms) = preSolution
		Debug|Any CPU = Debug|Any CPU
		Debug|x64 = Debug|x64
		Debug|x86 = Debug|x86
		Release|Any CPU = Release|Any CPU
		Release|x64 = Release|x64
		Release|x86 = Release|x86
	EndGlobalSection
	GlobalSection(ProjectConfigurationPlatforms) = postSolution
		{E1F24B25-E027-45E0-A6E1-E08138F1F95D}.Debug|Any CPU.ActiveCfg = Debug|Any CPU
		{E1F24B25-E027-45E0-A6E1-E08138F1F95D}.Debug|Any CPU.Build.0 = Debug|Any CPU
		{E1F24B25-E027-45E0-A6E1-E08138F1F95D}.Debug|x64.ActiveCfg = Debug|Any CPU
		{E1F24B25-E027-45E0-A6E1-E08138F1F95D}.Debug|x64.Build.0 = Debug|Any CPU
		{E1F24B25-E027-45E0-A6E1-E08138F1F95D}.Debug|x86.ActiveCfg = Debug|Any CPU
		{E1F24B25-E027-45E0-A6E1-E08138F1F95D}.Debug|x86.Build.0 = Debug|Any CPU
		{E1F24B25-E027-45E0-A6E1-E08138F1F95D}.Release|Any CPU.ActiveCfg = Release|Any CPU
		{E1F24B25-E027-45E0-A6E1-E08138F1F95D}.Release|Any CPU.Build.0 = Release|Any CPU
		{E1F24B25-E027-45E0-A6E1-E08138F1F95D}.Release|x64.ActiveCfg = Release|Any CPU
		{E1F24B25-E027-45E0-A6E1-E08138F1F95D}.Release|x64.Build.0 = Release|Any CPU
		{E1F24B25-E027-45E0-A6E1-E08138F1F95D}.Release|x86.ActiveCfg = Release|Any CPU
		{E1F24B25-E027-45E0-A6E1-E08138F1F95D}.Release|x86.Build.0 = Release|Any CPU
		{22C42314-615F-4B11-B111-58F1D6D54F4D}.Debug|Any CPU.ActiveCfg = Debug|Any CPU
		{22C42314-615F-4B11-B111-58F1D6D54F4D}.Debug|Any CPU.Build.0 = Debug|Any CPU
		{22C42314-615F-4B11-B111-58F1D6D54F4D}.Debug|x64.ActiveCfg = Debug|Any CPU
		{22C42314-615F-4B11-B111-58F1D6D54F4D}.Debug|x64.Build.0 = Debug|Any CPU
		{22C42314-615F-4B11-B111-58F1D6D54F4D}.Debug|x86.ActiveCfg = Debug|Any CPU
		{22C42314-615F-4B11-B111-58F1D6D54F4D}.Debug|x86.Build.0 = Debug|Any CPU
		{22C42314-615F-4B11-B111-58F1D6D54F4D}.Release|Any CPU.ActiveCfg = Release|Any CPU
		{22C42314-615F-4B11-B111-58F1D6D54F4D}.Release|Any CPU.Build.0 = Release|Any CPU
		{22C42314-615F-4B11-B111-58F1D6D54F4D}.Release|x64.ActiveCfg = Release|Any CPU
		{22C42314-615F-4B11-B111-58F1D6D54F4D}.Release|x64.Build.0 = Release|Any CPU
		{22C42314-615F-4B11-B111-58F1D6D54F4D}.Release|x86.ActiveCfg = Release|Any CPU
		{22C42314-615F-4B11-B111-58F1D6D54F4D}.Release|x86.Build.0 = Release|Any CPU
		{D4E5F6A7-B8C9-40D1-2E3F-4567890123DE}.Debug|Any CPU.ActiveCfg = Debug|Any CPU
		{D4E5F6A7-B8C9-40D1-2E3F-4567890123DE}.Debug|Any CPU.Build.0 = Debug|Any CPU
		{D4E5F6A7-B8C9-40D1-2E3F-4567890123DE}.Debug|x64.ActiveCfg = Debug|Any CPU
		{D4E5F6A7-B8C9-40D1-2E3F-4567890123DE}.Debug|x64.Build.0 = Debug|Any CPU
		{D4E5F6A7-B8C9-40D1-2E3F-4567890123DE}.Debug|x86.ActiveCfg = Debug|Any CPU
		{D4E5F6A7-B8C9-40D1-2E3F-4567890123DE}.Debug|x86.Build.0 = Debug|Any CPU
		{D4E5F6A7-B8C9-40D1-2E3F-4567890123DE}.Release|Any CPU.ActiveCfg = Release|Any CPU
		{D4E5F6A7-B8C9-40D1-2E3F-4567890123DE}.Release|Any CPU.Build.0 = Release|Any CPU
		{D4E5F6A7-B8C9-40D1-2E3F-4567890123DE}.Release|x64.ActiveCfg = Release|Any CPU
		{D4E5F6A7-B8C9-40D1-2E3F-4567890123DE}.Release|x64.Build.0 = Release|Any CPU
		{D4E5F6A7-B8C9-40D1-2E3F-4567890123DE}.Release|x86.ActiveCfg = Release|Any CPU
		{D4E5F6A7-B8C9-40D1-2E3F-4567890123DE}.Release|x86.Build.0 = Release|Any CPU
		{E5F6A7B8-C9D0-41E2-3F45-5678901234EF}.Debug|Any CPU.ActiveCfg = Debug|Any CPU
		{E5F6A7B8-C9D0-41E2-3F45-5678901234EF}.Debug|Any CPU.Build.0 = Debug|Any CPU
		{E5F6A7B8-C9D0-41E2-3F45-5678901234EF}.Debug|x64.ActiveCfg = Debug|Any CPU
		{E5F6A7B8-C9D0-41E2-3F45-5678901234EF}.Debug|x64.Build.0 = Debug|Any CPU
		{E5F6A7B8-C9D0-41E2-3F45-5678901234EF}.Debug|x86.ActiveCfg = Debug|Any CPU
		{E5F6A7B8-C9D0-41E2-3F45-5678901234EF}.Debug|x86.Build.0 = Debug|Any CPU
		{E5F6A7B8-C9D0-41E2-3F45-5678901234EF}.Release|Any CPU.ActiveCfg = Release|Any CPU
		{E5F6A7B8-C9D0-41E2-3F45-5678901234EF}.Release|Any CPU.Build.0 = Release|Any CPU
		{E5F6A7B8-C9D0-41E2-3F45-5678901234EF}.Release|x64.ActiveCfg = Release|Any CPU
		{E5F6A7B8-C9D0-41E2-3F45-5678901234EF}.Release|x64.Build.0 = Release|Any CPU
		{E5F6A7B8-C9D0-41E2-3F45-5678901234EF}.Release|x86.ActiveCfg = Release|Any CPU
		{E5F6A7B8-C9D0-41E2-3F45-5678901234EF}.Release|x86.Build.0 = Release|Any CPU
		{A1B2C3D4-E5F6-47A8-9B0C-1234567890AB}.Debug|Any CPU.ActiveCfg = Debug|Any CPU
		{A1B2C3D4-E5F6-47A8-9B0C-1234567890AB}.Debug|Any CPU.Build.0 = Debug|Any CPU
		{A1B2C3D4-E5F6-47A8-9B0C-1234567890AB}.Debug|x64.ActiveCfg = Debug|Any CPU
		{A1B2C3D4-E5F6-47A8-9B0C-1234567890AB}.Debug|x64.Build.0 = Debug|Any CPU
		{A1B2C3D4-E5F6-47A8-9B0C-1234567890AB}.Debug|x86.ActiveCfg = Debug|Any CPU
		{A1B2C3D4-E5F6-47A8-9B0C-1234567890AB}.Debug|x86.Build.0 = Debug|Any CPU
		{A1B2C3D4-E5F6-47A8-9B0C-1234567890AB}.Release|Any CPU.ActiveCfg = Release|Any CPU
		{A1B2C3D4-E5F6-47A8-9B0C-1234567890AB}.Release|Any CPU.Build.0 = Release|Any CPU
		{A1B2C3D4-E5F6-47A8-9B0C-1234567890AB}.Release|x64.ActiveCfg = Release|Any CPU
		{A1B2C3D4-E5F6-47A8-9B0C-1234567890AB}.Release|x64.Build.0 = Release|Any CPU
		{A1B2C3D4-E5F6-47A8-9B0C-1234567890AB}.Release|x86.ActiveCfg = Release|Any CPU
		{A1B2C3D4-E5F6-47A8-9B0C-1234567890AB}.Release|x86.Build.0 = Release|Any CPU
		{B2C3D4E5-F6A7-48B9-0C1D-2345678901BC}.Debug|Any CPU.ActiveCfg = Debug|Any CPU
		{B2C3D4E5-F6A7-48B9-0C1D-2345678901BC}.Debug|Any CPU.Build.0 = Debug|Any CPU
		{B2C3D4E5-F6A7-48B9-0C1D-2345678901BC}.Debug|x64.ActiveCfg = Debug|Any CPU
		{B2C3D4E5-F6A7-48B9-0C1D-2345678901BC}.Debug|x64.Build.0 = Debug|Any CPU
		{B2C3D4E5-F6A7-48B9-0C1D-2345678901BC}.Debug|x86.ActiveCfg = Debug|Any CPU
		{B2C3D4E5-F6A7-48B9-0C1D-2345678901BC}.Debug|x86.Build.0 = Debug|Any CPU
		{B2C3D4E5-F6A7-48B9-0C1D-2345678901BC}.Release|Any CPU.ActiveCfg = Release|Any CPU
		{B2C3D4E5-F6A7-48B9-0C1D-2345678901BC}.Release|Any CPU.Build.0 = Release|Any CPU
		{B2C3D4E5-F6A7-48B9-0C1D-2345678901BC}.Release|x64.ActiveCfg = Release|Any CPU
		{B2C3D4E5-F6A7-48B9-0C1D-2345678901BC}.Release|x64.Build.0 = Release|Any CPU
		{B2C3D4E5-F6A7-48B9-0C1D-2345678901BC}.Release|x86.ActiveCfg = Release|Any CPU
		{B2C3D4E5-F6A7-48B9-0C1D-2345678901BC}.Release|x86.Build.0 = Release|Any CPU
		{89BD76AD-78C9-4E4A-96A2-E5DA6D4AFA44}.Debug|Any CPU.ActiveCfg = Debug|Any CPU
		{89BD76AD-78C9-4E4A-96A2-E5DA6D4AFA44}.Debug|Any CPU.Build.0 = Debug|Any CPU
		{89BD76AD-78C9-4E4A-96A2-E5DA6D4AFA44}.Debug|x64.ActiveCfg = Debug|Any CPU
		{89BD76AD-78C9-4E4A-96A2-E5DA6D4AFA44}.Debug|x64.Build.0 = Debug|Any CPU
		{89BD76AD-78C9-4E4A-96A2-E5DA6D4AFA44}.Debug|x86.ActiveCfg = Debug|Any CPU
		{89BD76AD-78C9-4E4A-96A2-E5DA6D4AFA44}.Debug|x86.Build.0 = Debug|Any CPU
		{89BD76AD-78C9-4E4A-96A2-E5DA6D4AFA44}.Release|Any CPU.ActiveCfg = Release|Any CPU
		{89BD76AD-78C9-4E4A-96A2-E5DA6D4AFA44}.Release|Any CPU.Build.0 = Release|Any CPU
		{89BD76AD-78C9-4E4A-96A2-E5DA6D4AFA44}.Release|x64.ActiveCfg = Release|Any CPU
		{89BD76AD-78C9-4E4A-96A2-E5DA6D4AFA44}.Release|x64.Build.0 = Release|Any CPU
		{89BD76AD-78C9-4E4A-96A2-E5DA6D4AFA44}.Release|x86.ActiveCfg = Release|Any CPU
		{89BD76AD-78C9-4E4A-96A2-E5DA6D4AFA44}.Release|x86.Build.0 = Release|Any CPU
		{C2EA98A7-FC7A-4EA6-A316-562A832D3D9A}.Debug|Any CPU.ActiveCfg = Debug|Any CPU
		{C2EA98A7-FC7A-4EA6-A316-562A832D3D9A}.Debug|Any CPU.Build.0 = Debug|Any CPU
		{C2EA98A7-FC7A-4EA6-A316-562A832D3D9A}.Debug|x64.ActiveCfg = Debug|Any CPU
		{C2EA98A7-FC7A-4EA6-A316-562A832D3D9A}.Debug|x64.Build.0 = Debug|Any CPU
		{C2EA98A7-FC7A-4EA6-A316-562A832D3D9A}.Debug|x86.ActiveCfg = Debug|Any CPU
		{C2EA98A7-FC7A-4EA6-A316-562A832D3D9A}.Debug|x86.Build.0 = Debug|Any CPU
		{C2EA98A7-FC7A-4EA6-A316-562A832D3D9A}.Release|Any CPU.ActiveCfg = Release|Any CPU
		{C2EA98A7-FC7A-4EA6-A316-562A832D3D9A}.Release|Any CPU.Build.0 = Release|Any CPU
		{C2EA98A7-FC7A-4EA6-A316-562A832D3D9A}.Release|x64.ActiveCfg = Release|Any CPU
		{C2EA98A7-FC7A-4EA6-A316-562A832D3D9A}.Release|x64.Build.0 = Release|Any CPU
		{C2EA98A7-FC7A-4EA6-A316-562A832D3D9A}.Release|x86.ActiveCfg = Release|Any CPU
		{C2EA98A7-FC7A-4EA6-A316-562A832D3D9A}.Release|x86.Build.0 = Release|Any CPU
		{C27B0888-D7B2-4E93-B736-5BEE68F94532}.Debug|Any CPU.ActiveCfg = Debug|Any CPU
		{C27B0888-D7B2-4E93-B736-5BEE68F94532}.Debug|Any CPU.Build.0 = Debug|Any CPU
		{C27B0888-D7B2-4E93-B736-5BEE68F94532}.Debug|x64.ActiveCfg = Debug|Any CPU
		{C27B0888-D7B2-4E93-B736-5BEE68F94532}.Debug|x64.Build.0 = Debug|Any CPU
		{C27B0888-D7B2-4E93-B736-5BEE68F94532}.Debug|x86.ActiveCfg = Debug|Any CPU
		{C27B0888-D7B2-4E93-B736-5BEE68F94532}.Debug|x86.Build.0 = Debug|Any CPU
		{C27B0888-D7B2-4E93-B736-5BEE68F94532}.Release|Any CPU.ActiveCfg = Release|Any CPU
		{C27B0888-D7B2-4E93-B736-5BEE68F94532}.Release|Any CPU.Build.0 = Release|Any CPU
		{C27B0888-D7B2-4E93-B736-5BEE68F94532}.Release|x64.ActiveCfg = Release|Any CPU
		{C27B0888-D7B2-4E93-B736-5BEE68F94532}.Release|x64.Build.0 = Release|Any CPU
		{C27B0888-D7B2-4E93-B736-5BEE68F94532}.Release|x86.ActiveCfg = Release|Any CPU
		{C27B0888-D7B2-4E93-B736-5BEE68F94532}.Release|x86.Build.0 = Release|Any CPU
		{248C5D51-2B33-4A06-A0EA-AA709F752E52}.Debug|Any CPU.ActiveCfg = Debug|Any CPU
		{248C5D51-2B33-4A06-A0EA-AA709F752E52}.Debug|Any CPU.Build.0 = Debug|Any CPU
		{248C5D51-2B33-4A06-A0EA-AA709F752E52}.Debug|x64.ActiveCfg = Debug|Any CPU
		{248C5D51-2B33-4A06-A0EA-AA709F752E52}.Debug|x64.Build.0 = Debug|Any CPU
		{248C5D51-2B33-4A06-A0EA-AA709F752E52}.Debug|x86.ActiveCfg = Debug|Any CPU
		{248C5D51-2B33-4A06-A0EA-AA709F752E52}.Debug|x86.Build.0 = Debug|Any CPU
		{248C5D51-2B33-4A06-A0EA-AA709F752E52}.Release|Any CPU.ActiveCfg = Release|Any CPU
		{248C5D51-2B33-4A06-A0EA-AA709F752E52}.Release|Any CPU.Build.0 = Release|Any CPU
		{248C5D51-2B33-4A06-A0EA-AA709F752E52}.Release|x64.ActiveCfg = Release|Any CPU
		{248C5D51-2B33-4A06-A0EA-AA709F752E52}.Release|x64.Build.0 = Release|Any CPU
		{248C5D51-2B33-4A06-A0EA-AA709F752E52}.Release|x86.ActiveCfg = Release|Any CPU
		{248C5D51-2B33-4A06-A0EA-AA709F752E52}.Release|x86.Build.0 = Release|Any CPU
		{1B1C2A9E-77F2-46CC-BB69-5DF5CEC919B6}.Debug|Any CPU.ActiveCfg = Debug|Any CPU
		{1B1C2A9E-77F2-46CC-BB69-5DF5CEC919B6}.Debug|Any CPU.Build.0 = Debug|Any CPU
		{1B1C2A9E-77F2-46CC-BB69-5DF5CEC919B6}.Debug|x64.ActiveCfg = Debug|Any CPU
		{1B1C2A9E-77F2-46CC-BB69-5DF5CEC919B6}.Debug|x64.Build.0 = Debug|Any CPU
		{1B1C2A9E-77F2-46CC-BB69-5DF5CEC919B6}.Debug|x86.ActiveCfg = Debug|Any CPU
		{1B1C2A9E-77F2-46CC-BB69-5DF5CEC919B6}.Debug|x86.Build.0 = Debug|Any CPU
		{1B1C2A9E-77F2-46CC-BB69-5DF5CEC919B6}.Release|Any CPU.ActiveCfg = Release|Any CPU
		{1B1C2A9E-77F2-46CC-BB69-5DF5CEC919B6}.Release|Any CPU.Build.0 = Release|Any CPU
		{1B1C2A9E-77F2-46CC-BB69-5DF5CEC919B6}.Release|x64.ActiveCfg = Release|Any CPU
		{1B1C2A9E-77F2-46CC-BB69-5DF5CEC919B6}.Release|x64.Build.0 = Release|Any CPU
		{1B1C2A9E-77F2-46CC-BB69-5DF5CEC919B6}.Release|x86.ActiveCfg = Release|Any CPU
		{1B1C2A9E-77F2-46CC-BB69-5DF5CEC919B6}.Release|x86.Build.0 = Release|Any CPU
	EndGlobalSection
	GlobalSection(SolutionProperties) = preSolution
		HideSolutionNode = FALSE
	EndGlobalSection
	GlobalSection(NestedProjects) = preSolution
		{E1F24B25-E027-45E0-A6E1-E08138F1F95D} = {85990620-78A6-4381-8BD6-84E6D0CF0649}
		{22C42314-615F-4B11-B111-58F1D6D54F4D} = {85990620-78A6-4381-8BD6-84E6D0CF0649}
		{D4E5F6A7-B8C9-40D1-2E3F-4567890123DE} = {85990620-78A6-4381-8BD6-84E6D0CF0649}
		{E5F6A7B8-C9D0-41E2-3F45-5678901234EF} = {85990620-78A6-4381-8BD6-84E6D0CF0649}
		{A1B2C3D4-E5F6-47A8-9B0C-1234567890AB} = {85990620-78A6-4381-8BD6-84E6D0CF0649}
		{B2C3D4E5-F6A7-48B9-0C1D-2345678901BC} = {85990620-78A6-4381-8BD6-84E6D0CF0649}
		{89BD76AD-78C9-4E4A-96A2-E5DA6D4AFA44} = {85990620-78A6-4381-8BD6-84E6D0CF0649}
		{C2EA98A7-FC7A-4EA6-A316-562A832D3D9A} = {85990620-78A6-4381-8BD6-84E6D0CF0649}
		{C27B0888-D7B2-4E93-B736-5BEE68F94532} = {85990620-78A6-4381-8BD6-84E6D0CF0649}
		{248C5D51-2B33-4A06-A0EA-AA709F752E52} = {AA4B8CC2-1431-4FC7-9DF3-533EC6C86D3A}
		{1B1C2A9E-77F2-46CC-BB69-5DF5CEC919B6} = {AA4B8CC2-1431-4FC7-9DF3-533EC6C86D3A}
	EndGlobalSection
	GlobalSection(ExtensibilityGlobals) = postSolution
		SolutionGuid = {8F2F229F-C66D-43E4-B804-E5F37DC157CB}
	EndGlobalSection
	GlobalSection(SharedMSBuildProjectFiles) = preSolution
		src\Microsoft.Net.Http.Client\Microsoft.Net.Http.Client.projitems*{a1b2c3d4-e5f6-47a8-9b0c-1234567890ab}*SharedItemsImports = 5
		src\Microsoft.Net.Http.Client\Microsoft.Net.Http.Client.projitems*{b2c3d4e5-f6a7-48b9-0c1d-2345678901bc}*SharedItemsImports = 5
		src\Microsoft.Net.Http.Client\Microsoft.Net.Http.Client.projitems*{d4e5f6a7-b8c9-40d1-2e3f-4567890123de}*SharedItemsImports = 5
		src\Microsoft.Net.Http.Client\Microsoft.Net.Http.Client.projitems*{dae2de68-9b3e-4d5d-8802-ec97b94160ed}*SharedItemsImports = 13
	EndGlobalSection
EndGlobal
